
Microsoft Visual Studio Solution File, Format Version 12.00
# Visual Studio Version 16
VisualStudioVersion = 25.0.1706.4
MinimumVisualStudioVersion = 10.0.40219.1
Project("{FAE04EC0-301F-11D3-BF4B-00C04F79EFBC}") = "DemoRestApi", "DemoRestApi\DemoRestApi.csproj", "{00D10EF5-DC7B-49DD-979E-18104DECC22E}"
EndProject
Global
	GlobalSection(SolutionConfigurationPlatforms) = preSolution
		Debug|Any CPU = Debug|Any CPU
		Release|Any CPU = Release|Any CPU
	EndGlobalSection
	GlobalSection(ProjectConfigurationPlatforms) = postSolution
		{00D10EF5-DC7B-49DD-979E-18104DECC22E}.Debug|Any CPU.ActiveCfg = Debug|Any CPU
		{00D10EF5-DC7B-49DD-979E-18104DECC22E}.Debug|Any CPU.Build.0 = Debug|Any CPU
		{00D10EF5-DC7B-49DD-979E-18104DECC22E}.Release|Any CPU.ActiveCfg = Release|Any CPU
		{00D10EF5-DC7B-49DD-979E-18104DECC22E}.Release|Any CPU.Build.0 = Release|Any CPU
	EndGlobalSection
	GlobalSection(SolutionProperties) = preSolution
		HideSolutionNode = FALSE
	EndGlobalSection
	GlobalSection(ExtensibilityGlobals) = postSolution
		SolutionGuid = {6F8E083F-57F0-467B-8D22-F42D1E81892C}
	EndGlobalSection
EndGlobal
