
Microsoft Visual Studio Solution File, Format Version 12.00
# Visual Studio Version 17
VisualStudioVersion = 17.8.34309.116
MinimumVisualStudioVersion = 10.0.40219.1
Project("{FAE04EC0-301F-11D3-BF4B-00C04F79EFBC}") = "PointOfSaleSystemAPI", "PointOfSaleSystemAPI\PointOfSaleSystemAPI.csproj", "{9A6213F5-8E27-4E05-867A-22B4563AE587}"
EndProject
Global
	GlobalSection(SolutionConfigurationPlatforms) = preSolution
		Debug|Any CPU = Debug|Any CPU
		Release|Any CPU = Release|Any CPU
	EndGlobalSection
	GlobalSection(ProjectConfigurationPlatforms) = postSolution
		{9A6213F5-8E27-4E05-867A-22B4563AE587}.Debug|Any CPU.ActiveCfg = Debug|Any CPU
		{9A6213F5-8E27-4E05-867A-22B4563AE587}.Debug|Any CPU.Build.0 = Debug|Any CPU
		{9A6213F5-8E27-4E05-867A-22B4563AE587}.Release|Any CPU.ActiveCfg = Release|Any CPU
		{9A6213F5-8E27-4E05-867A-22B4563AE587}.Release|Any CPU.Build.0 = Release|Any CPU
	EndGlobalSection
	GlobalSection(SolutionProperties) = preSolution
		HideSolutionNode = FALSE
	EndGlobalSection
	GlobalSection(ExtensibilityGlobals) = postSolution
		SolutionGuid = {35386E9F-1A3F-4DBD-B398-C5D9DC44FBCB}
	EndGlobalSection
EndGlobal
